// !$*UTF8*$!
{
	archiveVersion = 1;
	classes = {
	};
	objectVersion = 46;
	objects = {

/* Begin PBXBuildFile section */
		973C66791F28346C00B157FA /* AppDelegate.swift in Sources */ = {isa = PBXBuildFile; fileRef = 973C66781F28346C00B157FA /* AppDelegate.swift */; };
		973C667B1F28346C00B157FA /* ViewController.swift in Sources */ = {isa = PBXBuildFile; fileRef = 973C667A1F28346C00B157FA /* ViewController.swift */; };
		973C667E1F28346C00B157FA /* Main.storyboard in Resources */ = {isa = PBXBuildFile; fileRef = 973C667C1F28346C00B157FA /* Main.storyboard */; };
		973C66801F28346C00B157FA /* Assets.xcassets in Resources */ = {isa = PBXBuildFile; fileRef = 973C667F1F28346C00B157FA /* Assets.xcassets */; };
		973C66831F28346C00B157FA /* LaunchScreen.storyboard in Resources */ = {isa = PBXBuildFile; fileRef = 973C66811F28346C00B157FA /* LaunchScreen.storyboard */; };
		973C668E1F28346C00B157FA /* PieChartsTests.swift in Sources */ = {isa = PBXBuildFile; fileRef = 973C668D1F28346C00B157FA /* PieChartsTests.swift */; };
/* End PBXBuildFile section */

/* Begin PBXContainerItemProxy section */
		973C668A1F28346C00B157FA /* PBXContainerItemProxy */ = {
			isa = PBXContainerItemProxy;
			containerPortal = 973C666D1F28346C00B157FA /* Project object */;
			proxyType = 1;
			remoteGlobalIDString = 973C66741F28346C00B157FA;
			remoteInfo = PieCharts;
		};
/* End PBXContainerItemProxy section */

/* Begin PBXFileReference section */
		973C66751F28346C00B157FA /* PieCharts.app */ = {isa = PBXFileReference; explicitFileType = wrapper.application; includeInIndex = 0; path = PieCharts.app; sourceTree = BUILT_PRODUCTS_DIR; };
		973C66781F28346C00B157FA /* AppDelegate.swift */ = {isa = PBXFileReference; lastKnownFileType = sourcecode.swift; path = AppDelegate.swift; sourceTree = "<group>"; };
		973C667A1F28346C00B157FA /* ViewController.swift */ = {isa = PBXFileReference; lastKnownFileType = sourcecode.swift; path = ViewController.swift; sourceTree = "<group>"; };
		973C667D1F28346C00B157FA /* Base */ = {isa = PBXFileReference; lastKnownFileType = file.storyboard; name = Base; path = Base.lproj/Main.storyboard; sourceTree = "<group>"; };
		973C667F1F28346C00B157FA /* Assets.xcassets */ = {isa = PBXFileReference; lastKnownFileType = folder.assetcatalog; path = Assets.xcassets; sourceTree = "<group>"; };
		973C66821F28346C00B157FA /* Base */ = {isa = PBXFileReference; lastKnownFileType = file.storyboard; name = Base; path = Base.lproj/LaunchScreen.storyboard; sourceTree = "<group>"; };
		973C66841F28346C00B157FA /* Info.plist */ = {isa = PBXFileReference; lastKnownFileType = text.plist.xml; path = Info.plist; sourceTree = "<group>"; };
		973C66891F28346C00B157FA /* PieChartsTests.xctest */ = {isa = PBXFileReference; explicitFileType = wrapper.cfbundle; includeInIndex = 0; path = PieChartsTests.xctest; sourceTree = BUILT_PRODUCTS_DIR; };
		973C668D1F28346C00B157FA /* PieChartsTests.swift */ = {isa = PBXFileReference; lastKnownFileType = sourcecode.swift; path = PieChartsTests.swift; sourceTree = "<group>"; };
		973C668F1F28346C00B157FA /* Info.plist */ = {isa = PBXFileReference; lastKnownFileType = text.plist.xml; path = Info.plist; sourceTree = "<group>"; };
/* End PBXFileReference section */

/* Begin PBXFrameworksBuildPhase section */
		973C66721F28346C00B157FA /* Frameworks */ = {
			isa = PBXFrameworksBuildPhase;
			buildActionMask = 2147483647;
			files = (
			);
			runOnlyForDeploymentPostprocessing = 0;
		};
		973C66861F28346C00B157FA /* Frameworks */ = {
			isa = PBXFrameworksBuildPhase;
			buildActionMask = 2147483647;
			files = (
			);
			runOnlyForDeploymentPostprocessing = 0;
		};
/* End PBXFrameworksBuildPhase section */

/* Begin PBXGroup section */
		973C666C1F28346C00B157FA = {
			isa = PBXGroup;
			children = (
				973C66771F28346C00B157FA /* PieCharts */,
				973C668C1F28346C00B157FA /* PieChartsTests */,
				973C66761F28346C00B157FA /* Products */,
			);
			sourceTree = "<group>";
		};
		973C66761F28346C00B157FA /* Products */ = {
			isa = PBXGroup;
			children = (
				973C66751F28346C00B157FA /* PieCharts.app */,
				973C66891F28346C00B157FA /* PieChartsTests.xctest */,
			);
			name = Products;
			sourceTree = "<group>";
		};
		973C66771F28346C00B157FA /* PieCharts */ = {
			isa = PBXGroup;
			children = (
				973C66781F28346C00B157FA /* AppDelegate.swift */,
				973C667A1F28346C00B157FA /* ViewController.swift */,
				973C667C1F28346C00B157FA /* Main.storyboard */,
				973C667F1F28346C00B157FA /* Assets.xcassets */,
				973C66811F28346C00B157FA /* LaunchScreen.storyboard */,
				973C66841F28346C00B157FA /* Info.plist */,
			);
			path = PieCharts;
			sourceTree = "<group>";
		};
		973C668C1F28346C00B157FA /* PieChartsTests */ = {
			isa = PBXGroup;
			children = (
				973C668D1F28346C00B157FA /* PieChartsTests.swift */,
				973C668F1F28346C00B157FA /* Info.plist */,
			);
			path = PieChartsTests;
			sourceTree = "<group>";
		};
/* End PBXGroup section */

/* Begin PBXNativeTarget section */
		973C66741F28346C00B157FA /* PieCharts */ = {
			isa = PBXNativeTarget;
			buildConfigurationList = 973C66921F28346C00B157FA /* Build configuration list for PBXNativeTarget "PieCharts" */;
			buildPhases = (
				973C66711F28346C00B157FA /* Sources */,
				973C66721F28346C00B157FA /* Frameworks */,
				973C66731F28346C00B157FA /* Resources */,
			);
			buildRules = (
			);
			dependencies = (
			);
			name = PieCharts;
			productName = PieCharts;
			productReference = 973C66751F28346C00B157FA /* PieCharts.app */;
			productType = "com.apple.product-type.application";
		};
		973C66881F28346C00B157FA /* PieChartsTests */ = {
			isa = PBXNativeTarget;
			buildConfigurationList = 973C66951F28346C00B157FA /* Build configuration list for PBXNativeTarget "PieChartsTests" */;
			buildPhases = (
				973C66851F28346C00B157FA /* Sources */,
				973C66861F28346C00B157FA /* Frameworks */,
				973C66871F28346C00B157FA /* Resources */,
			);
			buildRules = (
			);
			dependencies = (
				973C668B1F28346C00B157FA /* PBXTargetDependency */,
			);
			name = PieChartsTests;
			productName = PieChartsTests;
			productReference = 973C66891F28346C00B157FA /* PieChartsTests.xctest */;
			productType = "com.apple.product-type.bundle.unit-test";
		};
/* End PBXNativeTarget section */

/* Begin PBXProject section */
		973C666D1F28346C00B157FA /* Project object */ = {
			isa = PBXProject;
			attributes = {
				LastSwiftUpdateCheck = 0830;
				LastUpgradeCheck = 0830;
				ORGANIZATIONNAME = "Kivi Berry";
				TargetAttributes = {
					973C66741F28346C00B157FA = {
						CreatedOnToolsVersion = 8.3.3;
						ProvisioningStyle = Automatic;
					};
					973C66881F28346C00B157FA = {
						CreatedOnToolsVersion = 8.3.3;
						ProvisioningStyle = Automatic;
						TestTargetID = 973C66741F28346C00B157FA;
					};
				};
			};
			buildConfigurationList = 973C66701F28346C00B157FA /* Build configuration list for PBXProject "PieCharts" */;
			compatibilityVersion = "Xcode 3.2";
			developmentRegion = English;
			hasScannedForEncodings = 0;
			knownRegions = (
				en,
				Base,
			);
			mainGroup = 973C666C1F28346C00B157FA;
			productRefGroup = 973C66761F28346C00B157FA /* Products */;
			projectDirPath = "";
			projectRoot = "";
			targets = (
				973C66741F28346C00B157FA /* PieCharts */,
				973C66881F28346C00B157FA /* PieChartsTests */,
			);
		};
/* End PBXProject section */

/* Begin PBXResourcesBuildPhase section */
		973C66731F28346C00B157FA /* Resources */ = {
			isa = PBXResourcesBuildPhase;
			buildActionMask = 2147483647;
			files = (
				973C66831F28346C00B157FA /* LaunchScreen.storyboard in Resources */,
				973C66801F28346C00B157FA /* Assets.xcassets in Resources */,
				973C667E1F28346C00B157FA /* Main.storyboard in Resources */,
			);
			runOnlyForDeploymentPostprocessing = 0;
		};
		973C66871F28346C00B157FA /* Resources */ = {
			isa = PBXResourcesBuildPhase;
			buildActionMask = 2147483647;
			files = (
			);
			runOnlyForDeploymentPostprocessing = 0;
		};
/* End PBXResourcesBuildPhase section */

/* Begin PBXSourcesBuildPhase section */
		973C66711F28346C00B157FA /* Sources */ = {
			isa = PBXSourcesBuildPhase;
			buildActionMask = 2147483647;
			files = (
				973C667B1F28346C00B157FA /* ViewController.swift in Sources */,
				973C66791F28346C00B157FA /* AppDelegate.swift in Sources */,
			);
			runOnlyForDeploymentPostprocessing = 0;
		};
		973C66851F28346C00B157FA /* Sources */ = {
			isa = PBXSourcesBuildPhase;
			buildActionMask = 2147483647;
			files = (
				973C668E1F28346C00B157FA /* PieChartsTests.swift in Sources */,
			);
			runOnlyForDeploymentPostprocessing = 0;
		};
/* End PBXSourcesBuildPhase section */

/* Begin PBXTargetDependency section */
		973C668B1F28346C00B157FA /* PBXTargetDependency */ = {
			isa = PBXTargetDependency;
			target = 973C66741F28346C00B157FA /* PieCharts */;
			targetProxy = 973C668A1F28346C00B157FA /* PBXContainerItemProxy */;
		};
/* End PBXTargetDependency section */

/* Begin PBXVariantGroup section */
		973C667C1F28346C00B157FA /* Main.storyboard */ = {
			isa = PBXVariantGroup;
			children = (
				973C667D1F28346C00B157FA /* Base */,
			);
			name = Main.storyboard;
			sourceTree = "<group>";
		};
		973C66811F28346C00B157FA /* LaunchScreen.storyboard */ = {
			isa = PBXVariantGroup;
			children = (
				973C66821F28346C00B157FA /* Base */,
			);
			name = LaunchScreen.storyboard;
			sourceTree = "<group>";
		};
/* End PBXVariantGroup section */

/* Begin XCBuildConfiguration section */
		973C66901F28346C00B157FA /* Debug */ = {
			isa = XCBuildConfiguration;
			buildSettings = {
				ALWAYS_SEARCH_USER_PATHS = NO;
				CLANG_ANALYZER_NONNULL = YES;
				CLANG_ANALYZER_NUMBER_OBJECT_CONVERSION = YES_AGGRESSIVE;
				CLANG_CXX_LANGUAGE_STANDARD = "gnu++0x";
				CLANG_CXX_LIBRARY = "libc++";
				CLANG_ENABLE_MODULES = YES;
				CLANG_ENABLE_OBJC_ARC = YES;
				CLANG_WARN_BOOL_CONVERSION = YES;
				CLANG_WARN_CONSTANT_CONVERSION = YES;
				CLANG_WARN_DIRECT_OBJC_ISA_USAGE = YES_ERROR;
				CLANG_WARN_DOCUMENTATION_COMMENTS = YES;
				CLANG_WARN_EMPTY_BODY = YES;
				CLANG_WARN_ENUM_CONVERSION = YES;
				CLANG_WARN_INFINITE_RECURSION = YES;
				CLANG_WARN_INT_CONVERSION = YES;
				CLANG_WARN_OBJC_ROOT_CLASS = YES_ERROR;
				CLANG_WARN_SUSPICIOUS_MOVE = YES;
				CLANG_WARN_UNREACHABLE_CODE = YES;
				CLANG_WARN__DUPLICATE_METHOD_MATCH = YES;
				"CODE_SIGN_IDENTITY[sdk=iphoneos*]" = "iPhone Developer";
				COPY_PHASE_STRIP = NO;
				DEBUG_INFORMATION_FORMAT = dwarf;
				ENABLE_STRICT_OBJC_MSGSEND = YES;
				ENABLE_TESTABILITY = YES;
				GCC_C_LANGUAGE_STANDARD = gnu99;
				GCC_DYNAMIC_NO_PIC = NO;
				GCC_NO_COMMON_BLOCKS = YES;
				GCC_OPTIMIZATION_LEVEL = 0;
				GCC_PREPROCESSOR_DEFINITIONS = (
					"DEBUG=1",
					"$(inherited)",
				);
				GCC_WARN_64_TO_32_BIT_CONVERSION = YES;
				GCC_WARN_ABOUT_RETURN_TYPE = YES_ERROR;
				GCC_WARN_UNDECLARED_SELECTOR = YES;
				GCC_WARN_UNINITIALIZED_AUTOS = YES_AGGRESSIVE;
				GCC_WARN_UNUSED_FUNCTION = YES;
				GCC_WARN_UNUSED_VARIABLE = YES;
				IPHONEOS_DEPLOYMENT_TARGET = 10.3;
				MTL_ENABLE_DEBUG_INFO = YES;
				ONLY_ACTIVE_ARCH = YES;
				SDKROOT = iphoneos;
				SWIFT_ACTIVE_COMPILATION_CONDITIONS = DEBUG;
				SWIFT_OPTIMIZATION_LEVEL = "-Onone";
			};
			name = Debug;
		};
		973C66911F28346C00B157FA /* Release */ = {
			isa = XCBuildConfiguration;
			buildSettings = {
				ALWAYS_SEARCH_USER_PATHS = NO;
				CLANG_ANALYZER_NONNULL = YES;
				CLANG_ANALYZER_NUMBER_OBJECT_CONVERSION = YES_AGGRESSIVE;
				CLANG_CXX_LANGUAGE_STANDARD = "gnu++0x";
				CLANG_CXX_LIBRARY = "libc++";
				CLANG_ENABLE_MODULES = YES;
				CLANG_ENABLE_OBJC_ARC = YES;
				CLANG_WARN_BOOL_CONVERSION = YES;
				CLANG_WARN_CONSTANT_CONVERSION = YES;
				CLANG_WARN_DIRECT_OBJC_ISA_USAGE = YES_ERROR;
				CLANG_WARN_DOCUMENTATION_COMMENTS = YES;
				CLANG_WARN_EMPTY_BODY = YES;
				CLANG_WARN_ENUM_CONVERSION = YES;
				CLANG_WARN_INFINITE_RECURSION = YES;
				CLANG_WARN_INT_CONVERSION = YES;
				CLANG_WARN_OBJC_ROOT_CLASS = YES_ERROR;
				CLANG_WARN_SUSPICIOUS_MOVE = YES;
				CLANG_WARN_UNREACHABLE_CODE = YES;
				CLANG_WARN__DUPLICATE_METHOD_MATCH = YES;
				"CODE_SIGN_IDENTITY[sdk=iphoneos*]" = "iPhone Developer";
				COPY_PHASE_STRIP = NO;
				DEBUG_INFORMATION_FORMAT = "dwarf-with-dsym";
				ENABLE_NS_ASSERTIONS = NO;
				ENABLE_STRICT_OBJC_MSGSEND = YES;
				GCC_C_LANGUAGE_STANDARD = gnu99;
				GCC_NO_COMMON_BLOCKS = YES;
				GCC_WARN_64_TO_32_BIT_CONVERSION = YES;
				GCC_WARN_ABOUT_RETURN_TYPE = YES_ERROR;
				GCC_WARN_UNDECLARED_SELECTOR = YES;
				GCC_WARN_UNINITIALIZED_AUTOS = YES_AGGRESSIVE;
				GCC_WARN_UNUSED_FUNCTION = YES;
				GCC_WARN_UNUSED_VARIABLE = YES;
				IPHONEOS_DEPLOYMENT_TARGET = 10.3;
				MTL_ENABLE_DEBUG_INFO = NO;
				SDKROOT = iphoneos;
				SWIFT_OPTIMIZATION_LEVEL = "-Owholemodule";
				VALIDATE_PRODUCT = YES;
			};
			name = Release;
		};
		973C66931F28346C00B157FA /* Debug */ = {
			isa = XCBuildConfiguration;
			buildSettings = {
				ASSETCATALOG_COMPILER_APPICON_NAME = AppIcon;
				INFOPLIST_FILE = PieCharts/Info.plist;
				LD_RUNPATH_SEARCH_PATHS = "$(inherited) @executable_path/Frameworks";
				PRODUCT_BUNDLE_IDENTIFIER = KIVI.PieCharts;
				PRODUCT_NAME = "$(TARGET_NAME)";
				SWIFT_VERSION = 3.0;
			};
			name = Debug;
		};
		973C66941F28346C00B157FA /* Release */ = {
			isa = XCBuildConfiguration;
			buildSettings = {
				ASSETCATALOG_COMPILER_APPICON_NAME = AppIcon;
				INFOPLIST_FILE = PieCharts/Info.plist;
				LD_RUNPATH_SEARCH_PATHS = "$(inherited) @executable_path/Frameworks";
				PRODUCT_BUNDLE_IDENTIFIER = KIVI.PieCharts;
				PRODUCT_NAME = "$(TARGET_NAME)";
				SWIFT_VERSION = 3.0;
			};
			name = Release;
		};
		973C66961F28346C00B157FA /* Debug */ = {
			isa = XCBuildConfiguration;
			buildSettings = {
				ALWAYS_EMBED_SWIFT_STANDARD_LIBRARIES = YES;
				BUNDLE_LOADER = "$(TEST_HOST)";
				INFOPLIST_FILE = PieChartsTests/Info.plist;
				LD_RUNPATH_SEARCH_PATHS = "$(inherited) @executable_path/Frameworks @loader_path/Frameworks";
				PRODUCT_BUNDLE_IDENTIFIER = KIVI.PieChartsTests;
				PRODUCT_NAME = "$(TARGET_NAME)";
				SWIFT_VERSION = 3.0;
				TEST_HOST = "$(BUILT_PRODUCTS_DIR)/PieCharts.app/PieCharts";
			};
			name = Debug;
		};
		973C66971F28346C00B157FA /* Release */ = {
			isa = XCBuildConfiguration;
			buildSettings = {
				ALWAYS_EMBED_SWIFT_STANDARD_LIBRARIES = YES;
				BUNDLE_LOADER = "$(TEST_HOST)";
				INFOPLIST_FILE = PieChartsTests/Info.plist;
				LD_RUNPATH_SEARCH_PATHS = "$(inherited) @executable_path/Frameworks @loader_path/Frameworks";
				PRODUCT_BUNDLE_IDENTIFIER = KIVI.PieChartsTests;
				PRODUCT_NAME = "$(TARGET_NAME)";
				SWIFT_VERSION = 3.0;
				TEST_HOST = "$(BUILT_PRODUCTS_DIR)/PieCharts.app/PieCharts";
			};
			name = Release;
		};
/* End XCBuildConfiguration section */

/* Begin XCConfigurationList section */
		973C66701F28346C00B157FA /* Build configuration list for PBXProject "PieCharts" */ = {
			isa = XCConfigurationList;
			buildConfigurations = (
				973C66901F28346C00B157FA /* Debug */,
				973C66911F28346C00B157FA /* Release */,
			);
			defaultConfigurationIsVisible = 0;
			defaultConfigurationName = Release;
		};
		973C66921F28346C00B157FA /* Build configuration list for PBXNativeTarget "PieCharts" */ = {
			isa = XCConfigurationList;
			buildConfigurations = (
				973C66931F28346C00B157FA /* Debug */,
				973C66941F28346C00B157FA /* Release */,
			);
			defaultConfigurationIsVisible = 0;
		};
		973C66951F28346C00B157FA /* Build configuration list for PBXNativeTarget "PieChartsTests" */ = {
			isa = XCConfigurationList;
			buildConfigurations = (
				973C66961F28346C00B157FA /* Debug */,
				973C66971F28346C00B157FA /* Release */,
			);
			defaultConfigurationIsVisible = 0;
		};
/* End XCConfigurationList section */
	};
	rootObject = 973C666D1F28346C00B157FA /* Project object */;
}
